
Microsoft Visual Studio Solution File, Format Version 12.00
# Visual Studio 14
VisualStudioVersion = 14.0.25420.1
MinimumVisualStudioVersion = 10.0.40219.1
Project("{8BC9CEB8-8B4A-11D0-8D11-00A0C91BC942}") = "hwbrk64", "hwbrk64.vcxproj", "{B6CC677E-981C-4296-A526-95A41D47D10C}"
EndProject
Project("{8BC9CEB8-8B4A-11D0-8D11-00A0C91BC942}") = "test64", "test64.vcxproj", "{44807A81-7BE7-47B1-8C75-41C2D0261401}"
EndProject
Global
	GlobalSection(SolutionConfigurationPlatforms) = preSolution
		Debug|x64 = Debug|x64
		DebugOpti|x64 = DebugOpti|x64
		Release|x64 = Release|x64
		ReleaseNopt|x64 = ReleaseNopt|x64
	EndGlobalSection
	GlobalSection(ProjectConfigurationPlatforms) = postSolution
		{B6CC677E-981C-4296-A526-95A41D47D10C}.Debug|x64.ActiveCfg = Debug|x64
		{B6CC677E-981C-4296-A526-95A41D47D10C}.Debug|x64.Build.0 = Debug|x64
		{B6CC677E-981C-4296-A526-95A41D47D10C}.DebugOpti|x64.ActiveCfg = DebugOpti|x64
		{B6CC677E-981C-4296-A526-95A41D47D10C}.DebugOpti|x64.Build.0 = DebugOpti|x64
		{B6CC677E-981C-4296-A526-95A41D47D10C}.Release|x64.ActiveCfg = Release|x64
		{B6CC677E-981C-4296-A526-95A41D47D10C}.Release|x64.Build.0 = Release|x64
		{B6CC677E-981C-4296-A526-95A41D47D10C}.ReleaseNopt|x64.ActiveCfg = ReleaseNopt|x64
		{B6CC677E-981C-4296-A526-95A41D47D10C}.ReleaseNopt|x64.Build.0 = ReleaseNopt|x64
		{44807A81-7BE7-47B1-8C75-41C2D0261401}.Debug|x64.ActiveCfg = Debug|x64
		{44807A81-7BE7-47B1-8C75-41C2D0261401}.Debug|x64.Build.0 = Debug|x64
		{44807A81-7BE7-47B1-8C75-41C2D0261401}.DebugOpti|x64.ActiveCfg = DebugOpti|x64
		{44807A81-7BE7-47B1-8C75-41C2D0261401}.DebugOpti|x64.Build.0 = DebugOpti|x64
		{44807A81-7BE7-47B1-8C75-41C2D0261401}.Release|x64.ActiveCfg = Release|x64
		{44807A81-7BE7-47B1-8C75-41C2D0261401}.Release|x64.Build.0 = Release|x64
		{44807A81-7BE7-47B1-8C75-41C2D0261401}.ReleaseNopt|x64.ActiveCfg = ReleaseNopt|x64
		{44807A81-7BE7-47B1-8C75-41C2D0261401}.ReleaseNopt|x64.Build.0 = ReleaseNopt|x64
	EndGlobalSection
	GlobalSection(SolutionProperties) = preSolution
		HideSolutionNode = FALSE
	EndGlobalSection
EndGlobal
